{
  "version": 4,
  "terraform_version": "1.5.3",
  "serial": 12,
  "lineage": "055c3e6b-536b-07d7-303f-e6dbc0f0f927",
  "outputs": {
    "bucket_domain_name": {
      "value": "http://filippov-netology-bucket.storage.yandexcloud.net/test_pic.jpg",
      "type": "string"
    },
    "external_load_balancer_ip": {
      "value": "158.160.165.61",
      "type": "string"
    }
  },
  "resources": [
    {
      "mode": "managed",
      "type": "yandex_compute_instance_group",
      "name": "ig-1",
      "provider": "provider[\"registry.terraform.io/yandex-cloud/yandex\"]",
      "instances": [
        {
          "schema_version": 0,
          "attributes": {
            "allocation_policy": [
              {
                "instance_tags_pool": [],
                "zones": [
                  "ru-central1-a"
                ]
              }
            ],
            "application_load_balancer": [],
            "created_at": "2024-05-05T05:26:56Z",
            "deletion_protection": false,
            "deploy_policy": [
              {
                "max_creating": 3,
                "max_deleting": 1,
                "max_expansion": 1,
                "max_unavailable": 1,
                "startup_duration": 3,
                "strategy": "proactive"
              }
            ],
            "description": "",
            "folder_id": "b1g7kr9i41eoi2fqj52o",
            "health_check": [
              {
                "healthy_threshold": 2,
                "http_options": [
                  {
                    "path": "/",
                    "port": 80
                  }
                ],
                "interval": 2,
                "tcp_options": [],
                "timeout": 1,
                "unhealthy_threshold": 2
              }
            ],
            "id": "cl1gd2m6tdepb19js7m9",
            "instance_template": [
              {
                "boot_disk": [
                  {
                    "device_name": "",
                    "disk_id": "",
                    "initialize_params": [
                      {
                        "description": "",
                        "image_id": "fd827b91d99psvq5fjit",
                        "size": 3,
                        "snapshot_id": "",
                        "type": "network-hdd"
                      }
                    ],
                    "mode": "READ_WRITE",
                    "name": ""
                  }
                ],
                "description": "",
                "filesystem": [],
                "hostname": "",
                "labels": {},
                "metadata": {
                  "ssh-keys": "ubuntu:ssh-rsa AAAAB3NzaC1yc2EAAAADAQABAAABgQCoR7lclISYgUnqCUUKm82uEiH3wb63+B6528RYsAnrN3+k5qsOXRDHHw47MMC4mAJSTXmcAd3vg2T2fC8vrOZs2a/tRShSdqN8VFQ9g4K7LWHHL5I9q3vUParcE/qpV5EFgnjvlJ9PQ0mOddQIbsld2vNcgigVvooKkN103lxQoDn6z/ueB1E2vSRdiy4QKG8N/2lfAFeZ7ErKJImemEYIU9xJMyBG35GMNO4leieo7rXJQBZ3xxzzWkFluxRg/PBjJZLP3WqseWlVDF/WQ/+A58KjDZyHJuFZS3CZ71ml2GORk3arjkxhv2wBhsdNfHc/W5O1IbgByf/dFx3u73ThmL5cyr44DYbnVTsM+vMcGnACjFd8kSBToQUS/+otlopb5dIUB9Inb0526DbEdmwlrHkZprDyi8uV3sRCldqAFeh+NuJYIO1/2qp9OtCcsoze8EtCaQrSeDy79vu5vXfJrNoX3GR5PMIFnJRm+ey/YjqBba3M5xuaR87MRUCPsn8= aleksander@aleksander-MS-7641\n",
                  "user-data": "#!/bin/bash\napt install httpd -y\ncd /var/www/html\necho '\u003chtml\u003e\u003cimg src=\"http://filippov-netology-bucket.storage.yandexcloud.net/test_pic.jpg\"/\u003e\u003c/html\u003e' \u003e index.html\nservice httpd start\n"
                },
                "metadata_options": [
                  {
                    "aws_v1_http_endpoint": 0,
                    "aws_v1_http_token": 0,
                    "gce_http_endpoint": 0,
                    "gce_http_token": 0
                  }
                ],
                "name": "",
                "network_interface": [
                  {
                    "dns_record": [],
                    "ip_address": "",
                    "ipv4": true,
                    "ipv6": false,
                    "ipv6_address": "",
                    "ipv6_dns_record": [],
                    "nat": true,
                    "nat_dns_record": [],
                    "nat_ip_address": "",
                    "network_id": "enproc2oqag7o5hbuvq6",
                    "security_group_ids": null,
                    "subnet_ids": [
                      "e9b815kntd18ncc57glu"
                    ]
                  }
                ],
                "network_settings": [],
                "placement_policy": [],
                "platform_id": "standard-v1",
                "resources": [
                  {
                    "core_fraction": 20,
                    "cores": 2,
                    "gpus": 0,
                    "memory": 1
                  }
                ],
                "scheduling_policy": [
                  {
                    "preemptible": true
                  }
                ],
                "secondary_disk": [],
                "service_account_id": ""
              }
            ],
            "instances": [
              {
                "fqdn": "cl1gd2m6tdepb19js7m9-uwog.ru-central1.internal",
                "instance_id": "fhmdpkjv123pjh70jorl",
                "instance_tag": "",
                "name": "cl1gd2m6tdepb19js7m9-uwog",
                "network_interface": [
                  {
                    "index": 0,
                    "ip_address": "192.168.10.29",
                    "ipv4": true,
                    "ipv6": false,
                    "ipv6_address": "",
                    "mac_address": "d0:0d:dc:d2:7f:08",
                    "nat": true,
                    "nat_ip_address": "158.160.121.58",
                    "nat_ip_version": "IPV4",
                    "subnet_id": "e9b815kntd18ncc57glu"
                  }
                ],
                "status": "RUNNING_ACTUAL",
                "status_changed_at": "2024-05-05T05:29:40Z",
                "status_message": "",
                "zone_id": "ru-central1-a"
              },
              {
                "fqdn": "cl1gd2m6tdepb19js7m9-opyc.ru-central1.internal",
                "instance_id": "fhmjbfo4pavrff7gna98",
                "instance_tag": "",
                "name": "cl1gd2m6tdepb19js7m9-opyc",
                "network_interface": [
                  {
                    "index": 0,
                    "ip_address": "192.168.10.14",
                    "ipv4": true,
                    "ipv6": false,
                    "ipv6_address": "",
                    "mac_address": "d0:0d:13:5b:f0:4c",
                    "nat": true,
                    "nat_ip_address": "158.160.126.105",
                    "nat_ip_version": "IPV4",
                    "subnet_id": "e9b815kntd18ncc57glu"
                  }
                ],
                "status": "RUNNING_ACTUAL",
                "status_changed_at": "2024-05-05T05:29:30Z",
                "status_message": "",
                "zone_id": "ru-central1-a"
              },
              {
                "fqdn": "cl1gd2m6tdepb19js7m9-atet.ru-central1.internal",
                "instance_id": "fhma0qf42baa94v2rp14",
                "instance_tag": "",
                "name": "cl1gd2m6tdepb19js7m9-atet",
                "network_interface": [
                  {
                    "index": 0,
                    "ip_address": "192.168.10.8",
                    "ipv4": true,
                    "ipv6": false,
                    "ipv6_address": "",
                    "mac_address": "d0:0d:a0:69:e4:12",
                    "nat": true,
                    "nat_ip_address": "158.160.126.224",
                    "nat_ip_version": "IPV4",
                    "subnet_id": "e9b815kntd18ncc57glu"
                  }
                ],
                "status": "RUNNING_ACTUAL",
                "status_changed_at": "2024-05-05T05:29:10Z",
                "status_message": "",
                "zone_id": "ru-central1-a"
              }
            ],
            "labels": null,
            "load_balancer": [
              {
                "ignore_health_checks": false,
                "max_opening_traffic_duration": 0,
                "status_message": "",
                "target_group_description": "",
                "target_group_id": "enpqt6dtv637bgs1fgtb",
                "target_group_labels": null,
                "target_group_name": "target-group"
              }
            ],
            "max_checking_health_duration": 0,
            "name": "fixed-ig-with-balancer",
            "scale_policy": [
              {
                "auto_scale": [],
                "fixed_scale": [
                  {
                    "size": 3
                  }
                ],
                "test_auto_scale": []
              }
            ],
            "service_account_id": "aje18darn8u1coe7crp1",
            "status": "ACTIVE",
            "timeouts": null,
            "variables": null
          },
          "sensitive_attributes": [],
          "private": "eyJlMmJmYjczMC1lY2FhLTExZTYtOGY4OC0zNDM2M2JjN2M0YzAiOnsiY3JlYXRlIjoxODAwMDAwMDAwMDAwLCJkZWxldGUiOjE4MDAwMDAwMDAwMDAsInVwZGF0ZSI6MTgwMDAwMDAwMDAwMH19",
          "dependencies": [
            "yandex_iam_service_account.sa-bucket",
            "yandex_iam_service_account.sa-ig",
            "yandex_iam_service_account_static_access_key.sa-static-key",
            "yandex_storage_bucket.netology-bucket",
            "yandex_vpc_network.network-1",
            "yandex_vpc_subnet.subnet-public"
          ]
        }
      ]
    },
    {
      "mode": "managed",
      "type": "yandex_iam_service_account",
      "name": "sa-bucket",
      "provider": "provider[\"registry.terraform.io/yandex-cloud/yandex\"]",
      "instances": [
        {
          "schema_version": 0,
          "attributes": {
            "created_at": "2024-05-05T05:26:48Z",
            "description": "",
            "folder_id": "b1g7kr9i41eoi2fqj52o",
            "id": "ajep5sdaekjcqrq0fhhh",
            "name": "sa-for-bucket",
            "timeouts": null
          },
          "sensitive_attributes": [],
          "private": "eyJlMmJmYjczMC1lY2FhLTExZTYtOGY4OC0zNDM2M2JjN2M0YzAiOnsiY3JlYXRlIjo2MDAwMDAwMDAwMCwiZGVsZXRlIjo2MDAwMDAwMDAwMCwidXBkYXRlIjo2MDAwMDAwMDAwMH19"
        }
      ]
    },
    {
      "mode": "managed",
      "type": "yandex_iam_service_account",
      "name": "sa-ig",
      "provider": "provider[\"registry.terraform.io/yandex-cloud/yandex\"]",
      "instances": [
        {
          "schema_version": 0,
          "attributes": {
            "created_at": "2024-05-05T05:26:46Z",
            "description": "",
            "folder_id": "b1g7kr9i41eoi2fqj52o",
            "id": "aje18darn8u1coe7crp1",
            "name": "sa-for-ig",
            "timeouts": null
          },
          "sensitive_attributes": [],
          "private": "eyJlMmJmYjczMC1lY2FhLTExZTYtOGY4OC0zNDM2M2JjN2M0YzAiOnsiY3JlYXRlIjo2MDAwMDAwMDAwMCwiZGVsZXRlIjo2MDAwMDAwMDAwMCwidXBkYXRlIjo2MDAwMDAwMDAwMH19"
        }
      ]
    },
    {
      "mode": "managed",
      "type": "yandex_iam_service_account_static_access_key",
      "name": "sa-static-key",
      "provider": "provider[\"registry.terraform.io/yandex-cloud/yandex\"]",
      "instances": [
        {
          "schema_version": 0,
          "attributes": {
            "access_key": "YCAJEBlLeTsSlameCDkn9foNm",
            "created_at": "2024-05-05T05:26:50Z",
            "description": "static access key for bucket",
            "encrypted_secret_key": null,
            "id": "ajeqf96icniet6ofbnf5",
            "key_fingerprint": null,
            "pgp_key": null,
            "secret_key": "YCNFUnQGc3bzY7yJEeSAAl5onF3z78kYnCZwvF15",
            "service_account_id": "ajep5sdaekjcqrq0fhhh"
          },
          "sensitive_attributes": [],
          "private": "bnVsbA==",
          "dependencies": [
            "yandex_iam_service_account.sa-bucket"
          ]
        }
      ]
    },
    {
      "mode": "managed",
      "type": "yandex_lb_network_load_balancer",
      "name": "load-balancer-1",
      "provider": "provider[\"registry.terraform.io/yandex-cloud/yandex\"]",
      "instances": [
        {
          "schema_version": 0,
          "attributes": {
            "attached_target_group": [
              {
                "healthcheck": [
                  {
                    "healthy_threshold": 2,
                    "http_options": [
                      {
                        "path": "/",
                        "port": 80
                      }
                    ],
                    "interval": 2,
                    "name": "http",
                    "tcp_options": [],
                    "timeout": 1,
                    "unhealthy_threshold": 2
                  }
                ],
                "target_group_id": "enpqt6dtv637bgs1fgtb"
              }
            ],
            "created_at": "2024-05-05T05:29:43Z",
            "deletion_protection": false,
            "description": "",
            "folder_id": "b1g7kr9i41eoi2fqj52o",
            "id": "enppld64vtkeusj43i48",
            "labels": null,
            "listener": [
              {
                "external_address_spec": [
                  {
                    "address": "158.160.165.61",
                    "ip_version": "ipv4"
                  }
                ],
                "internal_address_spec": [],
                "name": "lb-listener",
                "port": 80,
                "protocol": "tcp",
                "target_port": 80
              }
            ],
            "name": "network-load-balancer",
            "region_id": "ru-central1",
            "timeouts": null,
            "type": "external"
          },
          "sensitive_attributes": [],
          "private": "eyJlMmJmYjczMC1lY2FhLTExZTYtOGY4OC0zNDM2M2JjN2M0YzAiOnsiY3JlYXRlIjozMDAwMDAwMDAwMDAsImRlbGV0ZSI6MzAwMDAwMDAwMDAwLCJ1cGRhdGUiOjMwMDAwMDAwMDAwMH19",
          "dependencies": [
            "yandex_compute_instance_group.ig-1",
            "yandex_iam_service_account.sa-bucket",
            "yandex_iam_service_account.sa-ig",
            "yandex_iam_service_account_static_access_key.sa-static-key",
            "yandex_storage_bucket.netology-bucket",
            "yandex_vpc_network.network-1",
            "yandex_vpc_subnet.subnet-public"
          ]
        }
      ]
    },
    {
      "mode": "managed",
      "type": "yandex_resourcemanager_folder_iam_member",
      "name": "bucket-editor",
      "provider": "provider[\"registry.terraform.io/yandex-cloud/yandex\"]",
      "instances": [
        {
          "schema_version": 0,
          "attributes": {
            "folder_id": "b1g7kr9i41eoi2fqj52o",
            "id": "b1g7kr9i41eoi2fqj52o/storage.editor/serviceAccount:ajep5sdaekjcqrq0fhhh",
            "member": "serviceAccount:ajep5sdaekjcqrq0fhhh",
            "role": "storage.editor",
            "sleep_after": null,
            "timeouts": null
          },
          "sensitive_attributes": [],
          "private": "eyJlMmJmYjczMC1lY2FhLTExZTYtOGY4OC0zNDM2M2JjN2M0YzAiOnsiY3JlYXRlIjo2MDAwMDAwMDAwMCwiZGVmYXVsdCI6NjAwMDAwMDAwMDAsImRlbGV0ZSI6NjAwMDAwMDAwMDAsInJlYWQiOjYwMDAwMDAwMDAwLCJ1cGRhdGUiOjYwMDAwMDAwMDAwfX0=",
          "dependencies": [
            "yandex_iam_service_account.sa-bucket"
          ]
        }
      ]
    },
    {
      "mode": "managed",
      "type": "yandex_resourcemanager_folder_iam_member",
      "name": "ig-editor",
      "provider": "provider[\"registry.terraform.io/yandex-cloud/yandex\"]",
      "instances": [
        {
          "schema_version": 0,
          "attributes": {
            "folder_id": "b1g7kr9i41eoi2fqj52o",
            "id": "b1g7kr9i41eoi2fqj52o/editor/serviceAccount:aje18darn8u1coe7crp1",
            "member": "serviceAccount:aje18darn8u1coe7crp1",
            "role": "editor",
            "sleep_after": null,
            "timeouts": null
          },
          "sensitive_attributes": [],
          "private": "eyJlMmJmYjczMC1lY2FhLTExZTYtOGY4OC0zNDM2M2JjN2M0YzAiOnsiY3JlYXRlIjo2MDAwMDAwMDAwMCwiZGVmYXVsdCI6NjAwMDAwMDAwMDAsImRlbGV0ZSI6NjAwMDAwMDAwMDAsInJlYWQiOjYwMDAwMDAwMDAwLCJ1cGRhdGUiOjYwMDAwMDAwMDAwfX0=",
          "dependencies": [
            "yandex_iam_service_account.sa-ig"
          ]
        }
      ]
    },
    {
      "mode": "managed",
      "type": "yandex_storage_bucket",
      "name": "netology-bucket",
      "provider": "provider[\"registry.terraform.io/yandex-cloud/yandex\"]",
      "instances": [
        {
          "schema_version": 1,
          "attributes": {
            "access_key": "YCAJEBlLeTsSlameCDkn9foNm",
            "acl": "public-read",
            "anonymous_access_flags": [
              {
                "config_read": true,
                "list": true,
                "read": true
              }
            ],
            "bucket": "filippov-netology-bucket",
            "bucket_domain_name": "filippov-netology-bucket.storage.yandexcloud.net",
            "bucket_prefix": null,
            "cors_rule": [],
            "default_storage_class": "STANDARD",
            "folder_id": "b1g7kr9i41eoi2fqj52o",
            "force_destroy": false,
            "grant": [],
            "https": [],
            "id": "filippov-netology-bucket",
            "lifecycle_rule": [],
            "logging": [],
            "max_size": 0,
            "object_lock_configuration": [],
            "policy": "",
            "secret_key": "YCNFUnQGc3bzY7yJEeSAAl5onF3z78kYnCZwvF15",
            "server_side_encryption_configuration": [],
            "tags": null,
            "versioning": [
              {
                "enabled": false
              }
            ],
            "website": [],
            "website_domain": null,
            "website_endpoint": null
          },
          "sensitive_attributes": [
            [
              {
                "type": "get_attr",
                "value": "secret_key"
              }
            ]
          ],
          "private": "eyJzY2hlbWFfdmVyc2lvbiI6IjEifQ==",
          "dependencies": [
            "yandex_iam_service_account.sa-bucket",
            "yandex_iam_service_account_static_access_key.sa-static-key"
          ]
        }
      ]
    },
    {
      "mode": "managed",
      "type": "yandex_storage_object",
      "name": "object-1",
      "provider": "provider[\"registry.terraform.io/yandex-cloud/yandex\"]",
      "instances": [
        {
          "schema_version": 0,
          "attributes": {
            "access_key": "YCAJEBlLeTsSlameCDkn9foNm",
            "acl": "public-read",
            "bucket": "filippov-netology-bucket",
            "content": null,
            "content_base64": null,
            "content_type": "application/octet-stream",
            "id": "test_pic.jpg",
            "key": "test_pic.jpg",
            "object_lock_legal_hold_status": null,
            "object_lock_mode": null,
            "object_lock_retain_until_date": null,
            "secret_key": "YCNFUnQGc3bzY7yJEeSAAl5onF3z78kYnCZwvF15",
            "source": "data/test_pic.jpg",
            "source_hash": null,
            "tags": null
          },
          "sensitive_attributes": [
            [
              {
                "type": "get_attr",
                "value": "secret_key"
              }
            ]
          ],
          "private": "bnVsbA==",
          "dependencies": [
            "yandex_iam_service_account.sa-bucket",
            "yandex_iam_service_account_static_access_key.sa-static-key",
            "yandex_storage_bucket.netology-bucket"
          ]
        }
      ]
    },
    {
      "mode": "managed",
      "type": "yandex_vpc_network",
      "name": "network-1",
      "provider": "provider[\"registry.terraform.io/yandex-cloud/yandex\"]",
      "instances": [
        {
          "schema_version": 0,
          "attributes": {
            "created_at": "2024-05-05T05:26:46Z",
            "default_security_group_id": "enpnhu9673nf8rgbjiok",
            "description": "",
            "folder_id": "b1g7kr9i41eoi2fqj52o",
            "id": "enproc2oqag7o5hbuvq6",
            "labels": {},
            "name": "network1",
            "subnet_ids": [],
            "timeouts": null
          },
          "sensitive_attributes": [],
          "private": "eyJlMmJmYjczMC1lY2FhLTExZTYtOGY4OC0zNDM2M2JjN2M0YzAiOnsiY3JlYXRlIjo2MDAwMDAwMDAwMCwiZGVsZXRlIjo2MDAwMDAwMDAwMCwidXBkYXRlIjo2MDAwMDAwMDAwMH19"
        }
      ]
    },
    {
      "mode": "managed",
      "type": "yandex_vpc_subnet",
      "name": "subnet-public",
      "provider": "provider[\"registry.terraform.io/yandex-cloud/yandex\"]",
      "instances": [
        {
          "schema_version": 0,
          "attributes": {
            "created_at": "2024-05-05T05:26:48Z",
            "description": "",
            "dhcp_options": [],
            "folder_id": "b1g7kr9i41eoi2fqj52o",
            "id": "e9b815kntd18ncc57glu",
            "labels": {},
            "name": "public",
            "network_id": "enproc2oqag7o5hbuvq6",
            "route_table_id": "",
            "timeouts": null,
            "v4_cidr_blocks": [
              "192.168.10.0/24"
            ],
            "v6_cidr_blocks": [],
            "zone": "ru-central1-a"
          },
          "sensitive_attributes": [],
          "private": "eyJlMmJmYjczMC1lY2FhLTExZTYtOGY4OC0zNDM2M2JjN2M0YzAiOnsiY3JlYXRlIjoxODAwMDAwMDAwMDAsImRlbGV0ZSI6MTgwMDAwMDAwMDAwLCJ1cGRhdGUiOjE4MDAwMDAwMDAwMH19",
          "dependencies": [
            "yandex_vpc_network.network-1"
          ]
        }
      ]
    }
  ],
  "check_results": null
}
