{
  "version": 4,
  "terraform_version": "1.5.3",
  "serial": 126,
  "lineage": "c2152d3e-6c40-24b9-ef6f-28103c3cecc0",
  "outputs": {
    "yandex_storage_object_index_html_url": {
      "value": "https://filippov-netology-bucket.storage.yandexcloud.net/index.html",
      "type": "string"
    },
    "yandex_storage_object_object-1_url": {
      "value": "https://filippov-netology-bucket.storage.yandexcloud.net/test_pic.jpg",
      "type": "string"
    }
  },
  "resources": [
    {
      "mode": "managed",
      "type": "local_file",
      "name": "index_html",
      "provider": "provider[\"registry.terraform.io/hashicorp/local\"]",
      "instances": []
    },
    {
      "mode": "managed",
      "type": "yandex_iam_service_account",
      "name": "sa-bucket",
      "provider": "provider[\"registry.terraform.io/yandex-cloud/yandex\"]",
      "instances": [
        {
          "schema_version": 0,
          "attributes": {
            "created_at": "2024-05-19T07:15:04Z",
            "description": "",
            "folder_id": "b1g7kr9i41eoi2fqj52o",
            "id": "ajeo3ssmf71jmaeft57s",
            "name": "sa-for-bucket",
            "timeouts": null
          },
          "sensitive_attributes": [],
          "private": "eyJlMmJmYjczMC1lY2FhLTExZTYtOGY4OC0zNDM2M2JjN2M0YzAiOnsiY3JlYXRlIjo2MDAwMDAwMDAwMCwiZGVsZXRlIjo2MDAwMDAwMDAwMCwidXBkYXRlIjo2MDAwMDAwMDAwMH19"
        }
      ]
    },
    {
      "mode": "managed",
      "type": "yandex_iam_service_account_static_access_key",
      "name": "sa-static-key",
      "provider": "provider[\"registry.terraform.io/yandex-cloud/yandex\"]",
      "instances": [
        {
          "schema_version": 0,
          "attributes": {
            "access_key": "YCAJEuGPmwT_iBHRFssa6iaD4",
            "created_at": "2024-05-19T07:15:06Z",
            "description": "static access key for bucket",
            "encrypted_secret_key": null,
            "id": "ajek28b9ra7hf02sq4va",
            "key_fingerprint": null,
            "pgp_key": null,
            "secret_key": "YCOhp_78so1FdY8mkqQXrh9aaOHmnPWlhsFBgY8W",
            "service_account_id": "ajeo3ssmf71jmaeft57s"
          },
          "sensitive_attributes": [],
          "private": "bnVsbA==",
          "dependencies": [
            "yandex_iam_service_account.sa-bucket"
          ]
        }
      ]
    },
    {
      "mode": "managed",
      "type": "yandex_kms_symmetric_key",
      "name": "bucket-key",
      "provider": "provider[\"registry.terraform.io/yandex-cloud/yandex\"]",
      "instances": [
        {
          "schema_version": 1,
          "attributes": {
            "created_at": "2024-05-19T07:15:03Z",
            "default_algorithm": "AES_128",
            "deletion_protection": false,
            "description": "Key for object storage encryption",
            "folder_id": "b1g7kr9i41eoi2fqj52o",
            "id": "abj9pns07n0oq8rmup1j",
            "labels": {},
            "name": "bucket-key",
            "rotated_at": "",
            "rotation_period": "8760h0m0s",
            "status": "active",
            "timeouts": null
          },
          "sensitive_attributes": [],
          "private": "eyJlMmJmYjczMC1lY2FhLTExZTYtOGY4OC0zNDM2M2JjN2M0YzAiOnsiY3JlYXRlIjo2MDAwMDAwMDAwMCwiZGVsZXRlIjo2MDAwMDAwMDAwMCwicmVhZCI6NjAwMDAwMDAwMDAsInVwZGF0ZSI6NjAwMDAwMDAwMDB9LCJzY2hlbWFfdmVyc2lvbiI6IjEifQ=="
        }
      ]
    },
    {
      "mode": "managed",
      "type": "yandex_resourcemanager_folder_iam_member",
      "name": "bucket-editor",
      "provider": "provider[\"registry.terraform.io/yandex-cloud/yandex\"]",
      "instances": [
        {
          "schema_version": 0,
          "attributes": {
            "folder_id": "b1g7kr9i41eoi2fqj52o",
            "id": "b1g7kr9i41eoi2fqj52o/storage.editor/serviceAccount:ajeo3ssmf71jmaeft57s",
            "member": "serviceAccount:ajeo3ssmf71jmaeft57s",
            "role": "storage.editor",
            "sleep_after": null,
            "timeouts": null
          },
          "sensitive_attributes": [],
          "private": "eyJlMmJmYjczMC1lY2FhLTExZTYtOGY4OC0zNDM2M2JjN2M0YzAiOnsiY3JlYXRlIjo2MDAwMDAwMDAwMCwiZGVmYXVsdCI6NjAwMDAwMDAwMDAsImRlbGV0ZSI6NjAwMDAwMDAwMDAsInJlYWQiOjYwMDAwMDAwMDAwLCJ1cGRhdGUiOjYwMDAwMDAwMDAwfX0=",
          "dependencies": [
            "yandex_iam_service_account.sa-bucket"
          ]
        }
      ]
    },
    {
      "mode": "managed",
      "type": "yandex_storage_bucket",
      "name": "filippov-netology-bucket",
      "provider": "provider[\"registry.terraform.io/yandex-cloud/yandex\"]",
      "instances": [
        {
          "schema_version": 1,
          "attributes": {
            "access_key": "YCAJEuGPmwT_iBHRFssa6iaD4",
            "acl": "public-read",
            "anonymous_access_flags": [
              {
                "config_read": true,
                "list": true,
                "read": true
              }
            ],
            "bucket": "filippov-netology-bucket",
            "bucket_domain_name": "filippov-netology-bucket.storage.yandexcloud.net",
            "bucket_prefix": null,
            "cors_rule": [],
            "default_storage_class": "STANDARD",
            "folder_id": "b1g7kr9i41eoi2fqj52o",
            "force_destroy": false,
            "grant": [],
            "https": [],
            "id": "filippov-netology-bucket",
            "lifecycle_rule": [],
            "logging": [],
            "max_size": 0,
            "object_lock_configuration": [],
            "policy": "",
            "secret_key": "YCOhp_78so1FdY8mkqQXrh9aaOHmnPWlhsFBgY8W",
            "server_side_encryption_configuration": [
              {
                "rule": [
                  {
                    "apply_server_side_encryption_by_default": [
                      {
                        "kms_master_key_id": "abj9pns07n0oq8rmup1j",
                        "sse_algorithm": "aws:kms"
                      }
                    ]
                  }
                ]
              }
            ],
            "tags": {},
            "versioning": [
              {
                "enabled": false
              }
            ],
            "website": [],
            "website_domain": null,
            "website_endpoint": null
          },
          "sensitive_attributes": [
            [
              {
                "type": "get_attr",
                "value": "secret_key"
              }
            ]
          ],
          "private": "eyJzY2hlbWFfdmVyc2lvbiI6IjEifQ==",
          "dependencies": [
            "yandex_iam_service_account.sa-bucket",
            "yandex_iam_service_account_static_access_key.sa-static-key",
            "yandex_kms_symmetric_key.bucket-key"
          ]
        }
      ]
    },
    {
      "mode": "managed",
      "type": "yandex_storage_object",
      "name": "index_html",
      "provider": "provider[\"registry.terraform.io/yandex-cloud/yandex\"]",
      "instances": []
    }
  ],
  "check_results": null
}
