{
  "version": 4,
  "terraform_version": "1.5.3",
  "serial": 9,
  "lineage": "f9bbcbf6-72da-4ee1-178c-56bcea43363a",
  "outputs": {
    "external_ip_address_nat_vm": {
      "value": "178.154.221.199",
      "type": "string"
    },
    "internal_ip_address_nat_vm": {
      "value": "192.168.10.254",
      "type": "string"
    }
  },
  "resources": [
    {
      "mode": "managed",
      "type": "yandex_compute_instance",
      "name": "nat-instance",
      "provider": "provider[\"registry.terraform.io/yandex-cloud/yandex\"]",
      "instances": [
        {
          "schema_version": 1,
          "attributes": {
            "allow_recreate": null,
            "allow_stopping_for_update": null,
            "boot_disk": [
              {
                "auto_delete": true,
                "device_name": "fhm5iqsivabhhe3gts84",
                "disk_id": "fhm5iqsivabhhe3gts84",
                "initialize_params": [
                  {
                    "block_size": 4096,
                    "description": "",
                    "image_id": "fd80mrhj8fl2oe87o4e1",
                    "name": "root-nat-instance-vm1",
                    "size": 50,
                    "snapshot_id": "",
                    "type": "network-ssd"
                  }
                ],
                "mode": "READ_WRITE"
              }
            ],
            "created_at": "2024-04-30T10:30:25Z",
            "description": "",
            "filesystem": [],
            "folder_id": "b1g7kr9i41eoi2fqj52o",
            "fqdn": "nat-instance-vm1.netology.cloud",
            "gpu_cluster_id": "",
            "hostname": "nat-instance-vm1.netology.cloud",
            "id": "fhm2sakdruni6c6aokj8",
            "labels": null,
            "local_disk": [],
            "maintenance_grace_period": "",
            "maintenance_policy": null,
            "metadata": {
              "ssh-keys": "ubuntu:ssh-rsa AAAAB3NzaC1yc2EAAAADAQABAAABgQCoR7lclISYgUnqCUUKm82uEiH3wb63+B6528RYsAnrN3+k5qsOXRDHHw47MMC4mAJSTXmcAd3vg2T2fC8vrOZs2a/tRShSdqN8VFQ9g4K7LWHHL5I9q3vUParcE/qpV5EFgnjvlJ9PQ0mOddQIbsld2vNcgigVvooKkN103lxQoDn6z/ueB1E2vSRdiy4QKG8N/2lfAFeZ7ErKJImemEYIU9xJMyBG35GMNO4leieo7rXJQBZ3xxzzWkFluxRg/PBjJZLP3WqseWlVDF/WQ/+A58KjDZyHJuFZS3CZ71ml2GORk3arjkxhv2wBhsdNfHc/W5O1IbgByf/dFx3u73ThmL5cyr44DYbnVTsM+vMcGnACjFd8kSBToQUS/+otlopb5dIUB9Inb0526DbEdmwlrHkZprDyi8uV3sRCldqAFeh+NuJYIO1/2qp9OtCcsoze8EtCaQrSeDy79vu5vXfJrNoX3GR5PMIFnJRm+ey/YjqBba3M5xuaR87MRUCPsn8= aleksander@aleksander-MS-7641\n"
            },
            "metadata_options": [
              {
                "aws_v1_http_endpoint": 1,
                "aws_v1_http_token": 2,
                "gce_http_endpoint": 1,
                "gce_http_token": 1
              }
            ],
            "name": "nat-instance-vm1",
            "network_acceleration_type": "standard",
            "network_interface": [
              {
                "dns_record": [],
                "index": 0,
                "ip_address": "192.168.10.254",
                "ipv4": true,
                "ipv6": false,
                "ipv6_address": "",
                "ipv6_dns_record": [],
                "mac_address": "d0:0d:2e:2a:8d:df",
                "nat": true,
                "nat_dns_record": [],
                "nat_ip_address": "178.154.221.199",
                "nat_ip_version": "IPV4",
                "security_group_ids": [],
                "subnet_id": "e9bksm9jbeeuuiltp887"
              }
            ],
            "placement_policy": [
              {
                "host_affinity_rules": [],
                "placement_group_id": "",
                "placement_group_partition": 0
              }
            ],
            "platform_id": "standard-v1",
            "resources": [
              {
                "core_fraction": 100,
                "cores": 2,
                "gpus": 0,
                "memory": 2
              }
            ],
            "scheduling_policy": [
              {
                "preemptible": false
              }
            ],
            "secondary_disk": [],
            "service_account_id": "",
            "status": "running",
            "timeouts": null,
            "zone": "ru-central1-a"
          },
          "sensitive_attributes": [],
          "private": "eyJlMmJmYjczMC1lY2FhLTExZTYtOGY4OC0zNDM2M2JjN2M0YzAiOnsiY3JlYXRlIjozMDAwMDAwMDAwMDAsImRlbGV0ZSI6MzAwMDAwMDAwMDAwLCJ1cGRhdGUiOjMwMDAwMDAwMDAwMH0sInNjaGVtYV92ZXJzaW9uIjoiMSJ9",
          "dependencies": [
            "yandex_vpc_network.network-1",
            "yandex_vpc_subnet.subnet-public"
          ]
        }
      ]
    },
    {
      "mode": "managed",
      "type": "yandex_vpc_network",
      "name": "network-1",
      "provider": "provider[\"registry.terraform.io/yandex-cloud/yandex\"]",
      "instances": [
        {
          "schema_version": 0,
          "attributes": {
            "created_at": "2024-04-30T10:30:18Z",
            "default_security_group_id": "enpjn6qqorv3nqn888cs",
            "description": "",
            "folder_id": "b1g7kr9i41eoi2fqj52o",
            "id": "enpr1n85fls3eokfdpk0",
            "labels": {},
            "name": "network1",
            "subnet_ids": [],
            "timeouts": null
          },
          "sensitive_attributes": [],
          "private": "eyJlMmJmYjczMC1lY2FhLTExZTYtOGY4OC0zNDM2M2JjN2M0YzAiOnsiY3JlYXRlIjo2MDAwMDAwMDAwMCwiZGVsZXRlIjo2MDAwMDAwMDAwMCwidXBkYXRlIjo2MDAwMDAwMDAwMH19"
        }
      ]
    },
    {
      "mode": "managed",
      "type": "yandex_vpc_route_table",
      "name": "nat-route-table",
      "provider": "provider[\"registry.terraform.io/yandex-cloud/yandex\"]",
      "instances": [
        {
          "schema_version": 0,
          "attributes": {
            "created_at": "2024-04-30T10:30:22Z",
            "description": "",
            "folder_id": "b1g7kr9i41eoi2fqj52o",
            "id": "enpmsih0gbe0h0av0405",
            "labels": {},
            "name": "",
            "network_id": "enpr1n85fls3eokfdpk0",
            "static_route": [
              {
                "destination_prefix": "0.0.0.0/0",
                "gateway_id": "",
                "next_hop_address": "192.168.10.254"
              }
            ],
            "timeouts": null
          },
          "sensitive_attributes": [],
          "private": "eyJlMmJmYjczMC1lY2FhLTExZTYtOGY4OC0zNDM2M2JjN2M0YzAiOnsiY3JlYXRlIjoxODAwMDAwMDAwMDAsImRlbGV0ZSI6MTgwMDAwMDAwMDAwLCJ1cGRhdGUiOjE4MDAwMDAwMDAwMH19",
          "dependencies": [
            "yandex_vpc_network.network-1"
          ]
        }
      ]
    },
    {
      "mode": "managed",
      "type": "yandex_vpc_subnet",
      "name": "subnet-private",
      "provider": "provider[\"registry.terraform.io/yandex-cloud/yandex\"]",
      "instances": [
        {
          "schema_version": 0,
          "attributes": {
            "created_at": "2024-04-30T10:30:23Z",
            "description": "",
            "dhcp_options": [],
            "folder_id": "b1g7kr9i41eoi2fqj52o",
            "id": "e9b01jr7qbm397hklosh",
            "labels": {},
            "name": "private",
            "network_id": "enpr1n85fls3eokfdpk0",
            "route_table_id": "enpmsih0gbe0h0av0405",
            "timeouts": null,
            "v4_cidr_blocks": [
              "192.168.20.0/24"
            ],
            "v6_cidr_blocks": [],
            "zone": "ru-central1-a"
          },
          "sensitive_attributes": [],
          "private": "eyJlMmJmYjczMC1lY2FhLTExZTYtOGY4OC0zNDM2M2JjN2M0YzAiOnsiY3JlYXRlIjoxODAwMDAwMDAwMDAsImRlbGV0ZSI6MTgwMDAwMDAwMDAwLCJ1cGRhdGUiOjE4MDAwMDAwMDAwMH19",
          "dependencies": [
            "yandex_vpc_network.network-1",
            "yandex_vpc_route_table.nat-route-table"
          ]
        }
      ]
    },
    {
      "mode": "managed",
      "type": "yandex_vpc_subnet",
      "name": "subnet-public",
      "provider": "provider[\"registry.terraform.io/yandex-cloud/yandex\"]",
      "instances": [
        {
          "schema_version": 0,
          "attributes": {
            "created_at": "2024-04-30T10:30:24Z",
            "description": "",
            "dhcp_options": [],
            "folder_id": "b1g7kr9i41eoi2fqj52o",
            "id": "e9bksm9jbeeuuiltp887",
            "labels": {},
            "name": "public",
            "network_id": "enpr1n85fls3eokfdpk0",
            "route_table_id": "",
            "timeouts": null,
            "v4_cidr_blocks": [
              "192.168.10.0/24"
            ],
            "v6_cidr_blocks": [],
            "zone": "ru-central1-a"
          },
          "sensitive_attributes": [],
          "private": "eyJlMmJmYjczMC1lY2FhLTExZTYtOGY4OC0zNDM2M2JjN2M0YzAiOnsiY3JlYXRlIjoxODAwMDAwMDAwMDAsImRlbGV0ZSI6MTgwMDAwMDAwMDAwLCJ1cGRhdGUiOjE4MDAwMDAwMDAwMH19",
          "dependencies": [
            "yandex_vpc_network.network-1"
          ]
        }
      ]
    }
  ],
  "check_results": null
}
